hash: 08f5d64a41673a69ea6a656826e57435d7bc90d84175764bc9c063c175605275
updated: 2017-08-07T17:07:33.861320828+03:00
imports:
- name: github.com/drone/drone-go
  version: 327c9594f784216a651dbaed30731600e496dd4e
  subpackages:
  - drone
- name: github.com/golang/protobuf
  version: 748d386b5c1ea99658fd69fe9f03991ce86a90c1
  subpackages:
  - proto
- name: github.com/urfave/cli
  version: 0bdeddeeb0f650497d603c4ad7b20cfe685682f6
- name: golang.org/x/net
  version: f5079bd7f6f74e23c4d65efa0f4ce14cbd6a3c0f
  subpackages:
  - context
  - context/ctxhttp
- name: golang.org/x/oauth2
  version: 96fca6c793ec32f068f97942ae3c7c073810dfc1
  subpackages:
  - internal
- name: google.golang.org/appengine
  version: c5a90ac045b779001847fec87403f5cba090deae
  subpackages:
  - internal
  - internal/base
  - internal/datastore
  - internal/log
  - internal/remote_api
  - internal/urlfetch
  - urlfetch
testImports: []
